
Microsoft Visual Studio Solution File, Format Version 12.00
# Visual Studio Version 17
VisualStudioVersion = 17.8.34330.188
MinimumVisualStudioVersion = 10.0.40219.1
Project("{FAE04EC0-301F-11D3-BF4B-00C04F79EFBC}") = "LINQ-Tutorial3", "LINQ-Tutorial3\LINQ-Tutorial3.csproj", "{E39227F2-4481-4AF9-B072-FC5E37F9004A}"
EndProject
Global
	GlobalSection(SolutionConfigurationPlatforms) = preSolution
		Debug|Any CPU = Debug|Any CPU
		Release|Any CPU = Release|Any CPU
	EndGlobalSection
	GlobalSection(ProjectConfigurationPlatforms) = postSolution
		{E39227F2-4481-4AF9-B072-FC5E37F9004A}.Debug|Any CPU.ActiveCfg = Debug|Any CPU
		{E39227F2-4481-4AF9-B072-FC5E37F9004A}.Debug|Any CPU.Build.0 = Debug|Any CPU
		{E39227F2-4481-4AF9-B072-FC5E37F9004A}.Release|Any CPU.ActiveCfg = Release|Any CPU
		{E39227F2-4481-4AF9-B072-FC5E37F9004A}.Release|Any CPU.Build.0 = Release|Any CPU
	EndGlobalSection
	GlobalSection(SolutionProperties) = preSolution
		HideSolutionNode = FALSE
	EndGlobalSection
	GlobalSection(ExtensibilityGlobals) = postSolution
		SolutionGuid = {1D04822E-C8C6-43BF-89CD-BE395ED82A0F}
	EndGlobalSection
EndGlobal
